
Microsoft Visual Studio Solution File, Format Version 12.00
# Visual Studio Version 17
VisualStudioVersion = 17.14.36616.10 d17.14
MinimumVisualStudioVersion = 10.0.40219.1
Project("{54A90642-561A-4BB1-A94E-469ADEE60C69}") = "processcontrol.client", "processcontrol.client\processcontrol.client.esproj", "{170CD348-FE93-1B3D-4778-C7F8B1FB29B2}"
EndProject
Project("{FAE04EC0-301F-11D3-BF4B-00C04F79EFBC}") = "ProcessControl.Server", "ProcessControl.Server\ProcessControl.Server.csproj", "{2AD42D97-4B25-4451-85C2-254A69DF2FAF}"
EndProject
Global
	GlobalSection(SolutionConfigurationPlatforms) = preSolution
		Debug|Any CPU = Debug|Any CPU
		Release|Any CPU = Release|Any CPU
	EndGlobalSection
	GlobalSection(ProjectConfigurationPlatforms) = postSolution
		{170CD348-FE93-1B3D-4778-C7F8B1FB29B2}.Debug|Any CPU.ActiveCfg = Debug|Any CPU
		{170CD348-FE93-1B3D-4778-C7F8B1FB29B2}.Debug|Any CPU.Build.0 = Debug|Any CPU
		{170CD348-FE93-1B3D-4778-C7F8B1FB29B2}.Debug|Any CPU.Deploy.0 = Debug|Any CPU
		{170CD348-FE93-1B3D-4778-C7F8B1FB29B2}.Release|Any CPU.ActiveCfg = Release|Any CPU
		{170CD348-FE93-1B3D-4778-C7F8B1FB29B2}.Release|Any CPU.Build.0 = Release|Any CPU
		{170CD348-FE93-1B3D-4778-C7F8B1FB29B2}.Release|Any CPU.Deploy.0 = Release|Any CPU
		{2AD42D97-4B25-4451-85C2-254A69DF2FAF}.Debug|Any CPU.ActiveCfg = Debug|Any CPU
		{2AD42D97-4B25-4451-85C2-254A69DF2FAF}.Debug|Any CPU.Build.0 = Debug|Any CPU
		{2AD42D97-4B25-4451-85C2-254A69DF2FAF}.Release|Any CPU.ActiveCfg = Release|Any CPU
		{2AD42D97-4B25-4451-85C2-254A69DF2FAF}.Release|Any CPU.Build.0 = Release|Any CPU
	EndGlobalSection
	GlobalSection(SolutionProperties) = preSolution
		HideSolutionNode = FALSE
	EndGlobalSection
	GlobalSection(ExtensibilityGlobals) = postSolution
		SolutionGuid = {DC728C21-83AB-4465-9C4E-34F818464DF9}
	EndGlobalSection
EndGlobal
